
Microsoft Visual Studio Solution File, Format Version 12.00
# Visual Studio Version 17
VisualStudioVersion = 17.2.32616.157
MinimumVisualStudioVersion = 10.0.40219.1
Project("{FAE04EC0-301F-11D3-BF4B-00C04F79EFBC}") = "DoorWayApiProject", "DoorWayApiProject\DoorWayApiProject.csproj", "{E3D1AE2D-4F0D-4B1C-B98F-23F07BC530DE}"
EndProject
Global
	GlobalSection(SolutionConfigurationPlatforms) = preSolution
		Debug|Any CPU = Debug|Any CPU
		Release|Any CPU = Release|Any CPU
	EndGlobalSection
	GlobalSection(ProjectConfigurationPlatforms) = postSolution
		{E3D1AE2D-4F0D-4B1C-B98F-23F07BC530DE}.Debug|Any CPU.ActiveCfg = Debug|Any CPU
		{E3D1AE2D-4F0D-4B1C-B98F-23F07BC530DE}.Debug|Any CPU.Build.0 = Debug|Any CPU
		{E3D1AE2D-4F0D-4B1C-B98F-23F07BC530DE}.Release|Any CPU.ActiveCfg = Release|Any CPU
		{E3D1AE2D-4F0D-4B1C-B98F-23F07BC530DE}.Release|Any CPU.Build.0 = Release|Any CPU
	EndGlobalSection
	GlobalSection(SolutionProperties) = preSolution
		HideSolutionNode = FALSE
	EndGlobalSection
	GlobalSection(ExtensibilityGlobals) = postSolution
		SolutionGuid = {4CE6EC60-8943-4C3A-94A3-53BA384A2A73}
	EndGlobalSection
EndGlobal
